
Microsoft Visual Studio Solution File, Format Version 12.00
# Visual Studio Version 17
VisualStudioVersion = 17.14.36414.22 d17.14
MinimumVisualStudioVersion = 10.0.40219.1
Project("{FAE04EC0-301F-11D3-BF4B-00C04F79EFBC}") = "Exercise5", "Exercise5\Exercise5.csproj", "{E7003ECB-5E84-4796-A8DB-17A8E477B228}"
EndProject
Global
	GlobalSection(SolutionConfigurationPlatforms) = preSolution
		Debug|Any CPU = Debug|Any CPU
		Release|Any CPU = Release|Any CPU
	EndGlobalSection
	GlobalSection(ProjectConfigurationPlatforms) = postSolution
		{E7003ECB-5E84-4796-A8DB-17A8E477B228}.Debug|Any CPU.ActiveCfg = Debug|Any CPU
		{E7003ECB-5E84-4796-A8DB-17A8E477B228}.Debug|Any CPU.Build.0 = Debug|Any CPU
		{E7003ECB-5E84-4796-A8DB-17A8E477B228}.Release|Any CPU.ActiveCfg = Release|Any CPU
		{E7003ECB-5E84-4796-A8DB-17A8E477B228}.Release|Any CPU.Build.0 = Release|Any CPU
	EndGlobalSection
	GlobalSection(SolutionProperties) = preSolution
		HideSolutionNode = FALSE
	EndGlobalSection
	GlobalSection(ExtensibilityGlobals) = postSolution
		SolutionGuid = {828E8BEB-495A-4406-B099-7792DD50C6BD}
	EndGlobalSection
EndGlobal
