
Microsoft Visual Studio Solution File, Format Version 12.00
# Visual Studio Version 17
VisualStudioVersion = 17.14.36414.22 d17.14
MinimumVisualStudioVersion = 10.0.40219.1
Project("{FAE04EC0-301F-11D3-BF4B-00C04F79EFBC}") = "Operators", "Operators\Operators.csproj", "{7C4FA5D8-44AF-4048-9B6A-42A66C1E5EDE}"
EndProject
Global
	GlobalSection(SolutionConfigurationPlatforms) = preSolution
		Debug|Any CPU = Debug|Any CPU
		Release|Any CPU = Release|Any CPU
	EndGlobalSection
	GlobalSection(ProjectConfigurationPlatforms) = postSolution
		{7C4FA5D8-44AF-4048-9B6A-42A66C1E5EDE}.Debug|Any CPU.ActiveCfg = Debug|Any CPU
		{7C4FA5D8-44AF-4048-9B6A-42A66C1E5EDE}.Debug|Any CPU.Build.0 = Debug|Any CPU
		{7C4FA5D8-44AF-4048-9B6A-42A66C1E5EDE}.Release|Any CPU.ActiveCfg = Release|Any CPU
		{7C4FA5D8-44AF-4048-9B6A-42A66C1E5EDE}.Release|Any CPU.Build.0 = Release|Any CPU
	EndGlobalSection
	GlobalSection(SolutionProperties) = preSolution
		HideSolutionNode = FALSE
	EndGlobalSection
	GlobalSection(ExtensibilityGlobals) = postSolution
		SolutionGuid = {5B12D41F-7144-4F01-AFED-34C782D5ECF1}
	EndGlobalSection
EndGlobal
